// !$*UTF8*$!
{
	archiveVersion = 1;
	classes = {
	};
	objectVersion = 46;
	objects = {

/* Begin PBXBuildFile section */
		1E0412422088C2D4009EA599 /* NSObject+SPDictionarySafe.m in Sources */ = {isa = PBXBuildFile; fileRef = 1E0412412088C2D4009EA599 /* NSObject+SPDictionarySafe.m */; };
		1E0412452088C44B009EA599 /* NSMutableArray+SPSafe.m in Sources */ = {isa = PBXBuildFile; fileRef = 1E0412442088C44B009EA599 /* NSMutableArray+SPSafe.m */; };
		1E0412492089DAD2009EA599 /* NSMutableDictionary+SPSafe.m in Sources */ = {isa = PBXBuildFile; fileRef = 1E0412482089DAD2009EA599 /* NSMutableDictionary+SPSafe.m */; };
		1EA752EB20826F4D005E612C /* NSObject+SPArraySafe.m in Sources */ = {isa = PBXBuildFile; fileRef = 1EA752EA20826F4D005E612C /* NSObject+SPArraySafe.m */; };
		E15C666A1E1516B4002A1516 /* main.m in Sources */ = {isa = PBXBuildFile; fileRef = E15C66691E1516B4002A1516 /* main.m */; };
		E15C666D1E1516B4002A1516 /* AppDelegate.m in Sources */ = {isa = PBXBuildFile; fileRef = E15C666C1E1516B4002A1516 /* AppDelegate.m */; };
		E15C66701E1516B4002A1516 /* ViewController.m in Sources */ = {isa = PBXBuildFile; fileRef = E15C666F1E1516B4002A1516 /* ViewController.m */; };
		E15C66731E1516B4002A1516 /* Main.storyboard in Resources */ = {isa = PBXBuildFile; fileRef = E15C66711E1516B4002A1516 /* Main.storyboard */; };
		E15C66751E1516B4002A1516 /* Assets.xcassets in Resources */ = {isa = PBXBuildFile; fileRef = E15C66741E1516B4002A1516 /* Assets.xcassets */; };
		E15C66781E1516B4002A1516 /* LaunchScreen.storyboard in Resources */ = {isa = PBXBuildFile; fileRef = E15C66761E1516B4002A1516 /* LaunchScreen.storyboard */; };
		E15C66841E15174B002A1516 /* NSArray+SPSafe.m in Sources */ = {isa = PBXBuildFile; fileRef = E15C66811E15174B002A1516 /* NSArray+SPSafe.m */; };
		E15C66851E15174B002A1516 /* NSDictionary+SPSafe.m in Sources */ = {isa = PBXBuildFile; fileRef = E15C66831E15174B002A1516 /* NSDictionary+SPSafe.m */; };
		E1F05E511F29FAF0009B4B5B /* NSData+SPSafe.m in Sources */ = {isa = PBXBuildFile; fileRef = E1F05E501F29FAF0009B4B5B /* NSData+SPSafe.m */; };
/* End PBXBuildFile section */

/* Begin PBXFileReference section */
		1E0412402088C2D4009EA599 /* NSObject+SPDictionarySafe.h */ = {isa = PBXFileReference; lastKnownFileType = sourcecode.c.h; path = "NSObject+SPDictionarySafe.h"; sourceTree = "<group>"; };
		1E0412412088C2D4009EA599 /* NSObject+SPDictionarySafe.m */ = {isa = PBXFileReference; lastKnownFileType = sourcecode.c.objc; path = "NSObject+SPDictionarySafe.m"; sourceTree = "<group>"; };
		1E0412432088C44B009EA599 /* NSMutableArray+SPSafe.h */ = {isa = PBXFileReference; lastKnownFileType = sourcecode.c.h; path = "NSMutableArray+SPSafe.h"; sourceTree = "<group>"; };
		1E0412442088C44B009EA599 /* NSMutableArray+SPSafe.m */ = {isa = PBXFileReference; lastKnownFileType = sourcecode.c.objc; path = "NSMutableArray+SPSafe.m"; sourceTree = "<group>"; };
		1E04124620899145009EA599 /* SPSafeDataMacro.h */ = {isa = PBXFileReference; lastKnownFileType = sourcecode.c.h; path = SPSafeDataMacro.h; sourceTree = "<group>"; };
		1E0412472089DAD2009EA599 /* NSMutableDictionary+SPSafe.h */ = {isa = PBXFileReference; lastKnownFileType = sourcecode.c.h; path = "NSMutableDictionary+SPSafe.h"; sourceTree = "<group>"; };
		1E0412482089DAD2009EA599 /* NSMutableDictionary+SPSafe.m */ = {isa = PBXFileReference; lastKnownFileType = sourcecode.c.objc; path = "NSMutableDictionary+SPSafe.m"; sourceTree = "<group>"; };
		1EA752E920826F4D005E612C /* NSObject+SPArraySafe.h */ = {isa = PBXFileReference; lastKnownFileType = sourcecode.c.h; path = "NSObject+SPArraySafe.h"; sourceTree = "<group>"; };
		1EA752EA20826F4D005E612C /* NSObject+SPArraySafe.m */ = {isa = PBXFileReference; lastKnownFileType = sourcecode.c.objc; path = "NSObject+SPArraySafe.m"; sourceTree = "<group>"; };
		E15C66651E1516B4002A1516 /* SafeData.app */ = {isa = PBXFileReference; explicitFileType = wrapper.application; includeInIndex = 0; path = SafeData.app; sourceTree = BUILT_PRODUCTS_DIR; };
		E15C66691E1516B4002A1516 /* main.m */ = {isa = PBXFileReference; lastKnownFileType = sourcecode.c.objc; path = main.m; sourceTree = "<group>"; };
		E15C666B1E1516B4002A1516 /* AppDelegate.h */ = {isa = PBXFileReference; lastKnownFileType = sourcecode.c.h; path = AppDelegate.h; sourceTree = "<group>"; };
		E15C666C1E1516B4002A1516 /* AppDelegate.m */ = {isa = PBXFileReference; lastKnownFileType = sourcecode.c.objc; path = AppDelegate.m; sourceTree = "<group>"; };
		E15C666E1E1516B4002A1516 /* ViewController.h */ = {isa = PBXFileReference; lastKnownFileType = sourcecode.c.h; path = ViewController.h; sourceTree = "<group>"; };
		E15C666F1E1516B4002A1516 /* ViewController.m */ = {isa = PBXFileReference; lastKnownFileType = sourcecode.c.objc; path = ViewController.m; sourceTree = "<group>"; };
		E15C66721E1516B4002A1516 /* Base */ = {isa = PBXFileReference; lastKnownFileType = file.storyboard; name = Base; path = Base.lproj/Main.storyboard; sourceTree = "<group>"; };
		E15C66741E1516B4002A1516 /* Assets.xcassets */ = {isa = PBXFileReference; lastKnownFileType = folder.assetcatalog; path = Assets.xcassets; sourceTree = "<group>"; };
		E15C66771E1516B4002A1516 /* Base */ = {isa = PBXFileReference; lastKnownFileType = file.storyboard; name = Base; path = Base.lproj/LaunchScreen.storyboard; sourceTree = "<group>"; };
		E15C66791E1516B4002A1516 /* Info.plist */ = {isa = PBXFileReference; lastKnownFileType = text.plist.xml; path = Info.plist; sourceTree = "<group>"; };
		E15C66801E15174B002A1516 /* NSArray+SPSafe.h */ = {isa = PBXFileReference; fileEncoding = 4; lastKnownFileType = sourcecode.c.h; path = "NSArray+SPSafe.h"; sourceTree = "<group>"; };
		E15C66811E15174B002A1516 /* NSArray+SPSafe.m */ = {isa = PBXFileReference; fileEncoding = 4; lastKnownFileType = sourcecode.c.objc; path = "NSArray+SPSafe.m"; sourceTree = "<group>"; };
		E15C66821E15174B002A1516 /* NSDictionary+SPSafe.h */ = {isa = PBXFileReference; fileEncoding = 4; lastKnownFileType = sourcecode.c.h; path = "NSDictionary+SPSafe.h"; sourceTree = "<group>"; };
		E15C66831E15174B002A1516 /* NSDictionary+SPSafe.m */ = {isa = PBXFileReference; fileEncoding = 4; lastKnownFileType = sourcecode.c.objc; path = "NSDictionary+SPSafe.m"; sourceTree = "<group>"; };
		E1F05E4E1F29FA68009B4B5B /* SPSafeData.h */ = {isa = PBXFileReference; lastKnownFileType = sourcecode.c.h; path = SPSafeData.h; sourceTree = "<group>"; };
		E1F05E4F1F29FAF0009B4B5B /* NSData+SPSafe.h */ = {isa = PBXFileReference; fileEncoding = 4; lastKnownFileType = sourcecode.c.h; path = "NSData+SPSafe.h"; sourceTree = "<group>"; };
		E1F05E501F29FAF0009B4B5B /* NSData+SPSafe.m */ = {isa = PBXFileReference; fileEncoding = 4; lastKnownFileType = sourcecode.c.objc; path = "NSData+SPSafe.m"; sourceTree = "<group>"; };
/* End PBXFileReference section */

/* Begin PBXFrameworksBuildPhase section */
		E15C66621E1516B4002A1516 /* Frameworks */ = {
			isa = PBXFrameworksBuildPhase;
			buildActionMask = 2147483647;
			files = (
			);
			runOnlyForDeploymentPostprocessing = 0;
		};
/* End PBXFrameworksBuildPhase section */

/* Begin PBXGroup section */
		E15C665C1E1516B4002A1516 = {
			isa = PBXGroup;
			children = (
				E15C66671E1516B4002A1516 /* SafeData */,
				E15C66661E1516B4002A1516 /* Products */,
			);
			sourceTree = "<group>";
		};
		E15C66661E1516B4002A1516 /* Products */ = {
			isa = PBXGroup;
			children = (
				E15C66651E1516B4002A1516 /* SafeData.app */,
			);
			name = Products;
			sourceTree = "<group>";
		};
		E15C66671E1516B4002A1516 /* SafeData */ = {
			isa = PBXGroup;
			children = (
				E15C667F1E15174B002A1516 /* SafeFoundation */,
				E15C666B1E1516B4002A1516 /* AppDelegate.h */,
				E15C666C1E1516B4002A1516 /* AppDelegate.m */,
				E15C666E1E1516B4002A1516 /* ViewController.h */,
				E15C666F1E1516B4002A1516 /* ViewController.m */,
				E15C66711E1516B4002A1516 /* Main.storyboard */,
				E15C66741E1516B4002A1516 /* Assets.xcassets */,
				E15C66761E1516B4002A1516 /* LaunchScreen.storyboard */,
				E15C66791E1516B4002A1516 /* Info.plist */,
				E15C66681E1516B4002A1516 /* Supporting Files */,
			);
			path = SafeData;
			sourceTree = "<group>";
		};
		E15C66681E1516B4002A1516 /* Supporting Files */ = {
			isa = PBXGroup;
			children = (
				E15C66691E1516B4002A1516 /* main.m */,
			);
			name = "Supporting Files";
			sourceTree = "<group>";
		};
		E15C667F1E15174B002A1516 /* SafeFoundation */ = {
			isa = PBXGroup;
			children = (
				E1F05E4E1F29FA68009B4B5B /* SPSafeData.h */,
				1E04124620899145009EA599 /* SPSafeDataMacro.h */,
				1EA752E920826F4D005E612C /* NSObject+SPArraySafe.h */,
				1EA752EA20826F4D005E612C /* NSObject+SPArraySafe.m */,
				E15C66801E15174B002A1516 /* NSArray+SPSafe.h */,
				E15C66811E15174B002A1516 /* NSArray+SPSafe.m */,
				1E0412432088C44B009EA599 /* NSMutableArray+SPSafe.h */,
				1E0412442088C44B009EA599 /* NSMutableArray+SPSafe.m */,
				1E0412402088C2D4009EA599 /* NSObject+SPDictionarySafe.h */,
				1E0412412088C2D4009EA599 /* NSObject+SPDictionarySafe.m */,
				E15C66821E15174B002A1516 /* NSDictionary+SPSafe.h */,
				E15C66831E15174B002A1516 /* NSDictionary+SPSafe.m */,
				1E0412472089DAD2009EA599 /* NSMutableDictionary+SPSafe.h */,
				1E0412482089DAD2009EA599 /* NSMutableDictionary+SPSafe.m */,
				E1F05E4F1F29FAF0009B4B5B /* NSData+SPSafe.h */,
				E1F05E501F29FAF0009B4B5B /* NSData+SPSafe.m */,
			);
			path = SafeFoundation;
			sourceTree = "<group>";
		};
/* End PBXGroup section */

/* Begin PBXNativeTarget section */
		E15C66641E1516B4002A1516 /* SafeData */ = {
			isa = PBXNativeTarget;
			buildConfigurationList = E15C667C1E1516B4002A1516 /* Build configuration list for PBXNativeTarget "SafeData" */;
			buildPhases = (
				E15C66611E1516B4002A1516 /* Sources */,
				E15C66621E1516B4002A1516 /* Frameworks */,
				E15C66631E1516B4002A1516 /* Resources */,
			);
			buildRules = (
			);
			dependencies = (
			);
			name = SafeData;
			productName = SafeData;
			productReference = E15C66651E1516B4002A1516 /* SafeData.app */;
			productType = "com.apple.product-type.application";
		};
/* End PBXNativeTarget section */

/* Begin PBXProject section */
		E15C665D1E1516B4002A1516 /* Project object */ = {
			isa = PBXProject;
			attributes = {
				LastUpgradeCheck = 0910;
				ORGANIZATIONNAME = lishiping;
				TargetAttributes = {
					E15C66641E1516B4002A1516 = {
						CreatedOnToolsVersion = 7.3;
					};
				};
			};
			buildConfigurationList = E15C66601E1516B4002A1516 /* Build configuration list for PBXProject "SafeData" */;
			compatibilityVersion = "Xcode 3.2";
			developmentRegion = English;
			hasScannedForEncodings = 0;
			knownRegions = (
				en,
				Base,
			);
			mainGroup = E15C665C1E1516B4002A1516;
			productRefGroup = E15C66661E1516B4002A1516 /* Products */;
			projectDirPath = "";
			projectRoot = "";
			targets = (
				E15C66641E1516B4002A1516 /* SafeData */,
			);
		};
/* End PBXProject section */

/* Begin PBXResourcesBuildPhase section */
		E15C66631E1516B4002A1516 /* Resources */ = {
			isa = PBXResourcesBuildPhase;
			buildActionMask = 2147483647;
			files = (
				E15C66781E1516B4002A1516 /* LaunchScreen.storyboard in Resources */,
				E15C66751E1516B4002A1516 /* Assets.xcassets in Resources */,
				E15C66731E1516B4002A1516 /* Main.storyboard in Resources */,
			);
			runOnlyForDeploymentPostprocessing = 0;
		};
/* End PBXResourcesBuildPhase section */

/* Begin PBXSourcesBuildPhase section */
		E15C66611E1516B4002A1516 /* Sources */ = {
			isa = PBXSourcesBuildPhase;
			buildActionMask = 2147483647;
			files = (
				E15C66701E1516B4002A1516 /* ViewController.m in Sources */,
				1E0412422088C2D4009EA599 /* NSObject+SPDictionarySafe.m in Sources */,
				E15C666D1E1516B4002A1516 /* AppDelegate.m in Sources */,
				1E0412452088C44B009EA599 /* NSMutableArray+SPSafe.m in Sources */,
				E15C666A1E1516B4002A1516 /* main.m in Sources */,
				1E0412492089DAD2009EA599 /* NSMutableDictionary+SPSafe.m in Sources */,
				E15C66851E15174B002A1516 /* NSDictionary+SPSafe.m in Sources */,
				1EA752EB20826F4D005E612C /* NSObject+SPArraySafe.m in Sources */,
				E1F05E511F29FAF0009B4B5B /* NSData+SPSafe.m in Sources */,
				E15C66841E15174B002A1516 /* NSArray+SPSafe.m in Sources */,
			);
			runOnlyForDeploymentPostprocessing = 0;
		};
/* End PBXSourcesBuildPhase section */

/* Begin PBXVariantGroup section */
		E15C66711E1516B4002A1516 /* Main.storyboard */ = {
			isa = PBXVariantGroup;
			children = (
				E15C66721E1516B4002A1516 /* Base */,
			);
			name = Main.storyboard;
			sourceTree = "<group>";
		};
		E15C66761E1516B4002A1516 /* LaunchScreen.storyboard */ = {
			isa = PBXVariantGroup;
			children = (
				E15C66771E1516B4002A1516 /* Base */,
			);
			name = LaunchScreen.storyboard;
			sourceTree = "<group>";
		};
/* End PBXVariantGroup section */

/* Begin XCBuildConfiguration section */
		E15C667A1E1516B4002A1516 /* Debug */ = {
			isa = XCBuildConfiguration;
			buildSettings = {
				ALWAYS_SEARCH_USER_PATHS = NO;
				CLANG_ANALYZER_NONNULL = YES;
				CLANG_CXX_LANGUAGE_STANDARD = "gnu++0x";
				CLANG_CXX_LIBRARY = "libc++";
				CLANG_ENABLE_MODULES = YES;
				CLANG_ENABLE_OBJC_ARC = YES;
				CLANG_WARN_BLOCK_CAPTURE_AUTORELEASING = YES;
				CLANG_WARN_BOOL_CONVERSION = YES;
				CLANG_WARN_COMMA = YES;
				CLANG_WARN_CONSTANT_CONVERSION = YES;
				CLANG_WARN_DIRECT_OBJC_ISA_USAGE = YES_ERROR;
				CLANG_WARN_EMPTY_BODY = YES;
				CLANG_WARN_ENUM_CONVERSION = YES;
				CLANG_WARN_INFINITE_RECURSION = YES;
				CLANG_WARN_INT_CONVERSION = YES;
				CLANG_WARN_NON_LITERAL_NULL_CONVERSION = YES;
				CLANG_WARN_OBJC_LITERAL_CONVERSION = YES;
				CLANG_WARN_OBJC_ROOT_CLASS = YES_ERROR;
				CLANG_WARN_RANGE_LOOP_ANALYSIS = YES;
				CLANG_WARN_STRICT_PROTOTYPES = YES;
				CLANG_WARN_SUSPICIOUS_MOVE = YES;
				CLANG_WARN_UNREACHABLE_CODE = YES;
				CLANG_WARN__DUPLICATE_METHOD_MATCH = YES;
				"CODE_SIGN_IDENTITY[sdk=iphoneos*]" = "iPhone Developer";
				COPY_PHASE_STRIP = NO;
				DEBUG_INFORMATION_FORMAT = dwarf;
				ENABLE_STRICT_OBJC_MSGSEND = YES;
				ENABLE_TESTABILITY = YES;
				GCC_C_LANGUAGE_STANDARD = gnu99;
				GCC_DYNAMIC_NO_PIC = NO;
				GCC_NO_COMMON_BLOCKS = YES;
				GCC_OPTIMIZATION_LEVEL = 0;
				GCC_PREPROCESSOR_DEFINITIONS = (
					"DEBUG=1",
					"$(inherited)",
				);
				GCC_WARN_64_TO_32_BIT_CONVERSION = YES;
				GCC_WARN_ABOUT_RETURN_TYPE = YES_ERROR;
				GCC_WARN_UNDECLARED_SELECTOR = YES;
				GCC_WARN_UNINITIALIZED_AUTOS = YES_AGGRESSIVE;
				GCC_WARN_UNUSED_FUNCTION = YES;
				GCC_WARN_UNUSED_VARIABLE = YES;
				IPHONEOS_DEPLOYMENT_TARGET = 8.0;
				MTL_ENABLE_DEBUG_INFO = YES;
				ONLY_ACTIVE_ARCH = YES;
				SDKROOT = iphoneos;
			};
			name = Debug;
		};
		E15C667B1E1516B4002A1516 /* Release */ = {
			isa = XCBuildConfiguration;
			buildSettings = {
				ALWAYS_SEARCH_USER_PATHS = NO;
				CLANG_ANALYZER_NONNULL = YES;
				CLANG_CXX_LANGUAGE_STANDARD = "gnu++0x";
				CLANG_CXX_LIBRARY = "libc++";
				CLANG_ENABLE_MODULES = YES;
				CLANG_ENABLE_OBJC_ARC = YES;
				CLANG_WARN_BLOCK_CAPTURE_AUTORELEASING = YES;
				CLANG_WARN_BOOL_CONVERSION = YES;
				CLANG_WARN_COMMA = YES;
				CLANG_WARN_CONSTANT_CONVERSION = YES;
				CLANG_WARN_DIRECT_OBJC_ISA_USAGE = YES_ERROR;
				CLANG_WARN_EMPTY_BODY = YES;
				CLANG_WARN_ENUM_CONVERSION = YES;
				CLANG_WARN_INFINITE_RECURSION = YES;
				CLANG_WARN_INT_CONVERSION = YES;
				CLANG_WARN_NON_LITERAL_NULL_CONVERSION = YES;
				CLANG_WARN_OBJC_LITERAL_CONVERSION = YES;
				CLANG_WARN_OBJC_ROOT_CLASS = YES_ERROR;
				CLANG_WARN_RANGE_LOOP_ANALYSIS = YES;
				CLANG_WARN_STRICT_PROTOTYPES = YES;
				CLANG_WARN_SUSPICIOUS_MOVE = YES;
				CLANG_WARN_UNREACHABLE_CODE = YES;
				CLANG_WARN__DUPLICATE_METHOD_MATCH = YES;
				"CODE_SIGN_IDENTITY[sdk=iphoneos*]" = "iPhone Developer";
				COPY_PHASE_STRIP = NO;
				DEBUG_INFORMATION_FORMAT = "dwarf-with-dsym";
				ENABLE_NS_ASSERTIONS = NO;
				ENABLE_STRICT_OBJC_MSGSEND = YES;
				GCC_C_LANGUAGE_STANDARD = gnu99;
				GCC_NO_COMMON_BLOCKS = YES;
				GCC_WARN_64_TO_32_BIT_CONVERSION = YES;
				GCC_WARN_ABOUT_RETURN_TYPE = YES_ERROR;
				GCC_WARN_UNDECLARED_SELECTOR = YES;
				GCC_WARN_UNINITIALIZED_AUTOS = YES_AGGRESSIVE;
				GCC_WARN_UNUSED_FUNCTION = YES;
				GCC_WARN_UNUSED_VARIABLE = YES;
				IPHONEOS_DEPLOYMENT_TARGET = 8.0;
				MTL_ENABLE_DEBUG_INFO = NO;
				SDKROOT = iphoneos;
				VALIDATE_PRODUCT = YES;
			};
			name = Release;
		};
		E15C667D1E1516B4002A1516 /* Debug */ = {
			isa = XCBuildConfiguration;
			buildSettings = {
				ASSETCATALOG_COMPILER_APPICON_NAME = AppIcon;
				INFOPLIST_FILE = SafeData/Info.plist;
				IPHONEOS_DEPLOYMENT_TARGET = 8.0;
				LD_RUNPATH_SEARCH_PATHS = "$(inherited) @executable_path/Frameworks";
				PRODUCT_BUNDLE_IDENTIFIER = lishiping.SafeData;
				PRODUCT_NAME = "$(TARGET_NAME)";
				TARGETED_DEVICE_FAMILY = 1;
			};
			name = Debug;
		};
		E15C667E1E1516B4002A1516 /* Release */ = {
			isa = XCBuildConfiguration;
			buildSettings = {
				ASSETCATALOG_COMPILER_APPICON_NAME = AppIcon;
				INFOPLIST_FILE = SafeData/Info.plist;
				IPHONEOS_DEPLOYMENT_TARGET = 8.0;
				LD_RUNPATH_SEARCH_PATHS = "$(inherited) @executable_path/Frameworks";
				PRODUCT_BUNDLE_IDENTIFIER = lishiping.SafeData;
				PRODUCT_NAME = "$(TARGET_NAME)";
				TARGETED_DEVICE_FAMILY = 1;
			};
			name = Release;
		};
/* End XCBuildConfiguration section */

/* Begin XCConfigurationList section */
		E15C66601E1516B4002A1516 /* Build configuration list for PBXProject "SafeData" */ = {
			isa = XCConfigurationList;
			buildConfigurations = (
				E15C667A1E1516B4002A1516 /* Debug */,
				E15C667B1E1516B4002A1516 /* Release */,
			);
			defaultConfigurationIsVisible = 0;
			defaultConfigurationName = Release;
		};
		E15C667C1E1516B4002A1516 /* Build configuration list for PBXNativeTarget "SafeData" */ = {
			isa = XCConfigurationList;
			buildConfigurations = (
				E15C667D1E1516B4002A1516 /* Debug */,
				E15C667E1E1516B4002A1516 /* Release */,
			);
			defaultConfigurationIsVisible = 0;
			defaultConfigurationName = Release;
		};
/* End XCConfigurationList section */
	};
	rootObject = E15C665D1E1516B4002A1516 /* Project object */;
}
